github.com/beevik/go6502 v0.3.0 h1:1Gsf1VZjZapXcQbrIzgnqHCPy9+4QuaUNZKyCVBGISY=
github.com/beevik/go6502 v0.3.0/go.mod h1:RnOLF4I+55D4QsUn0BQK1Sy40dtjco/XHC+iI82IBU0=
github.com/carledwards/go6asm v0.1.2 h1:K4qjLuKKQMsWOTM7flU2wvgoI5N1uEQYqFerdwNlVmg=
github.com/carledwards/go6asm v0.1.2/go.mod h1:G1kCZnyiYh+PXbkFJpvSz+N8hM1FdPOLC+0MflRfOJk=
github.com/carledwards/lets-go-merlin v0.0.0-20260524151104-dfcae758d82a h1:K/Xh//+sQLwVhVi/2Pn+bjjZG45GR7/6Khbcb7s1dl8=
github.com/carledwards/lets-go-merlin v0.0.0-20260524151104-dfcae758d82a/go.mod h1:8UukWVRK1tdYWVzTyAH+wWk4B9YcbBN8ApPvGRiLs/k=
